// !$*UTF8*$!
{
	archiveVersion = 1;
	classes = {
	};
	objectVersion = 55;
	objects = {

/* Begin PBXBuildFile section */
		6EB3ED602858C1640093A927 /* AppDelegate.swift in Sources */ = {isa = PBXBuildFile; fileRef = 6EB3ED5F2858C1640093A927 /* AppDelegate.swift */; };
		6EB3ED622858C1640093A927 /* SceneDelegate.swift in Sources */ = {isa = PBXBuildFile; fileRef = 6EB3ED612858C1640093A927 /* SceneDelegate.swift */; };
		6EB3ED642858C1640093A927 /* ViewController.swift in Sources */ = {isa = PBXBuildFile; fileRef = 6EB3ED632858C1640093A927 /* ViewController.swift */; };
		6EB3ED672858C1640093A927 /* Main.storyboard in Resources */ = {isa = PBXBuildFile; fileRef = 6EB3ED652858C1640093A927 /* Main.storyboard */; };
		6EB3ED692858C1670093A927 /* Assets.xcassets in Resources */ = {isa = PBXBuildFile; fileRef = 6EB3ED682858C1670093A927 /* Assets.xcassets */; };
		6EB3ED6C2858C1670093A927 /* LaunchScreen.storyboard in Resources */ = {isa = PBXBuildFile; fileRef = 6EB3ED6A2858C1670093A927 /* LaunchScreen.storyboard */; };
		6EB3ED75285AF6F10093A927 /* KakaoSDK in Frameworks */ = {isa = PBXBuildFile; productRef = 6EB3ED74285AF6F10093A927 /* KakaoSDK */; };
		6EB3ED78285B25B10093A927 /* ProfileViewController.swift in Sources */ = {isa = PBXBuildFile; fileRef = 6EB3ED77285B25B10093A927 /* ProfileViewController.swift */; };
		6EB3ED7A285B2CB50093A927 /* Extension.swift in Sources */ = {isa = PBXBuildFile; fileRef = 6EB3ED79285B2CB50093A927 /* Extension.swift */; };
		6EB3ED7C285B415D0093A927 /* CoinRankingViewController.swift in Sources */ = {isa = PBXBuildFile; fileRef = 6EB3ED7B285B415D0093A927 /* CoinRankingViewController.swift */; };
		6EB3ED83285C21FF0093A927 /* CoinTableViewCell.swift in Sources */ = {isa = PBXBuildFile; fileRef = 6EB3ED81285C21FF0093A927 /* CoinTableViewCell.swift */; };
		6EB3ED84285C21FF0093A927 /* CoinTableViewCell.xib in Resources */ = {isa = PBXBuildFile; fileRef = 6EB3ED82285C21FF0093A927 /* CoinTableViewCell.xib */; };
		6EB3ED86285C415E0093A927 /* CoinRequest.swift in Sources */ = {isa = PBXBuildFile; fileRef = 6EB3ED85285C415E0093A927 /* CoinRequest.swift */; };
		6EB3ED88285C452B0093A927 /* CoinResponse.swift in Sources */ = {isa = PBXBuildFile; fileRef = 6EB3ED87285C452B0093A927 /* CoinResponse.swift */; };
		6EB3ED8A285CA9FC0093A927 /* PokemonViewController.swift in Sources */ = {isa = PBXBuildFile; fileRef = 6EB3ED89285CA9FC0093A927 /* PokemonViewController.swift */; };
		6EB3ED8C285CADBF0093A927 /* PokemonResponse.swift in Sources */ = {isa = PBXBuildFile; fileRef = 6EB3ED8B285CADBF0093A927 /* PokemonResponse.swift */; };
		6EB3ED8E285CAE740093A927 /* PokemonRequest.swift in Sources */ = {isa = PBXBuildFile; fileRef = 6EB3ED8D285CAE740093A927 /* PokemonRequest.swift */; };
/* End PBXBuildFile section */

/* Begin PBXFileReference section */
		6EB3ED5C2858C1640093A927 /* PracticeApi.app */ = {isa = PBXFileReference; explicitFileType = wrapper.application; includeInIndex = 0; path = PracticeApi.app; sourceTree = BUILT_PRODUCTS_DIR; };
		6EB3ED5F2858C1640093A927 /* AppDelegate.swift */ = {isa = PBXFileReference; lastKnownFileType = sourcecode.swift; path = AppDelegate.swift; sourceTree = "<group>"; };
		6EB3ED612858C1640093A927 /* SceneDelegate.swift */ = {isa = PBXFileReference; lastKnownFileType = sourcecode.swift; path = SceneDelegate.swift; sourceTree = "<group>"; };
		6EB3ED632858C1640093A927 /* ViewController.swift */ = {isa = PBXFileReference; lastKnownFileType = sourcecode.swift; path = ViewController.swift; sourceTree = "<group>"; };
		6EB3ED662858C1640093A927 /* Base */ = {isa = PBXFileReference; lastKnownFileType = file.storyboard; name = Base; path = Base.lproj/Main.storyboard; sourceTree = "<group>"; };
		6EB3ED682858C1670093A927 /* Assets.xcassets */ = {isa = PBXFileReference; lastKnownFileType = folder.assetcatalog; path = Assets.xcassets; sourceTree = "<group>"; };
		6EB3ED6B2858C1670093A927 /* Base */ = {isa = PBXFileReference; lastKnownFileType = file.storyboard; name = Base; path = Base.lproj/LaunchScreen.storyboard; sourceTree = "<group>"; };
		6EB3ED6D2858C1670093A927 /* Info.plist */ = {isa = PBXFileReference; lastKnownFileType = text.plist.xml; path = Info.plist; sourceTree = "<group>"; };
		6EB3ED77285B25B10093A927 /* ProfileViewController.swift */ = {isa = PBXFileReference; lastKnownFileType = sourcecode.swift; path = ProfileViewController.swift; sourceTree = "<group>"; };
		6EB3ED79285B2CB50093A927 /* Extension.swift */ = {isa = PBXFileReference; lastKnownFileType = sourcecode.swift; path = Extension.swift; sourceTree = "<group>"; };
		6EB3ED7B285B415D0093A927 /* CoinRankingViewController.swift */ = {isa = PBXFileReference; lastKnownFileType = sourcecode.swift; path = CoinRankingViewController.swift; sourceTree = "<group>"; };
		6EB3ED81285C21FF0093A927 /* CoinTableViewCell.swift */ = {isa = PBXFileReference; lastKnownFileType = sourcecode.swift; path = CoinTableViewCell.swift; sourceTree = "<group>"; };
		6EB3ED82285C21FF0093A927 /* CoinTableViewCell.xib */ = {isa = PBXFileReference; lastKnownFileType = file.xib; path = CoinTableViewCell.xib; sourceTree = "<group>"; };
		6EB3ED85285C415E0093A927 /* CoinRequest.swift */ = {isa = PBXFileReference; lastKnownFileType = sourcecode.swift; path = CoinRequest.swift; sourceTree = "<group>"; };
		6EB3ED87285C452B0093A927 /* CoinResponse.swift */ = {isa = PBXFileReference; lastKnownFileType = sourcecode.swift; path = CoinResponse.swift; sourceTree = "<group>"; };
		6EB3ED89285CA9FC0093A927 /* PokemonViewController.swift */ = {isa = PBXFileReference; lastKnownFileType = sourcecode.swift; path = PokemonViewController.swift; sourceTree = "<group>"; };
		6EB3ED8B285CADBF0093A927 /* PokemonResponse.swift */ = {isa = PBXFileReference; lastKnownFileType = sourcecode.swift; path = PokemonResponse.swift; sourceTree = "<group>"; };
		6EB3ED8D285CAE740093A927 /* PokemonRequest.swift */ = {isa = PBXFileReference; lastKnownFileType = sourcecode.swift; path = PokemonRequest.swift; sourceTree = "<group>"; };
/* End PBXFileReference section */

/* Begin PBXFrameworksBuildPhase section */
		6EB3ED592858C1640093A927 /* Frameworks */ = {
			isa = PBXFrameworksBuildPhase;
			buildActionMask = 2147483647;
			files = (
				6EB3ED75285AF6F10093A927 /* KakaoSDK in Frameworks */,
			);
			runOnlyForDeploymentPostprocessing = 0;
		};
/* End PBXFrameworksBuildPhase section */

/* Begin PBXGroup section */
		6EB3ED532858C1640093A927 = {
			isa = PBXGroup;
			children = (
				6EB3ED5E2858C1640093A927 /* PracticeApi */,
				6EB3ED5D2858C1640093A927 /* Products */,
			);
			sourceTree = "<group>";
		};
		6EB3ED5D2858C1640093A927 /* Products */ = {
			isa = PBXGroup;
			children = (
				6EB3ED5C2858C1640093A927 /* PracticeApi.app */,
			);
			name = Products;
			sourceTree = "<group>";
		};
		6EB3ED5E2858C1640093A927 /* PracticeApi */ = {
			isa = PBXGroup;
			children = (
				6EB3ED5F2858C1640093A927 /* AppDelegate.swift */,
				6EB3ED612858C1640093A927 /* SceneDelegate.swift */,
				6EB3ED7D285B43D70093A927 /* API */,
				6EB3ED76285B258E0093A927 /* ViewController */,
				6EB3ED652858C1640093A927 /* Main.storyboard */,
				6EB3ED682858C1670093A927 /* Assets.xcassets */,
				6EB3ED6A2858C1670093A927 /* LaunchScreen.storyboard */,
				6EB3ED6D2858C1670093A927 /* Info.plist */,
			);
			path = PracticeApi;
			sourceTree = "<group>";
		};
		6EB3ED76285B258E0093A927 /* ViewController */ = {
			isa = PBXGroup;
			children = (
				6EB3ED632858C1640093A927 /* ViewController.swift */,
				6EB3ED89285CA9FC0093A927 /* PokemonViewController.swift */,
				6EB3ED79285B2CB50093A927 /* Extension.swift */,
				6EB3ED77285B25B10093A927 /* ProfileViewController.swift */,
				6EB3ED7B285B415D0093A927 /* CoinRankingViewController.swift */,
				6EB3ED80285C21630093A927 /* Cell */,
			);
			path = ViewController;
			sourceTree = "<group>";
		};
		6EB3ED7D285B43D70093A927 /* API */ = {
			isa = PBXGroup;
			children = (
				6EB3ED7F285B43E80093A927 /* Response */,
				6EB3ED7E285B43DD0093A927 /* Request */,
			);
			path = API;
			sourceTree = "<group>";
		};
		6EB3ED7E285B43DD0093A927 /* Request */ = {
			isa = PBXGroup;
			children = (
				6EB3ED85285C415E0093A927 /* CoinRequest.swift */,
				6EB3ED8D285CAE740093A927 /* PokemonRequest.swift */,
			);
			path = Request;
			sourceTree = "<group>";
		};
		6EB3ED7F285B43E80093A927 /* Response */ = {
			isa = PBXGroup;
			children = (
				6EB3ED87285C452B0093A927 /* CoinResponse.swift */,
				6EB3ED8B285CADBF0093A927 /* PokemonResponse.swift */,
			);
			path = Response;
			sourceTree = "<group>";
		};
		6EB3ED80285C21630093A927 /* Cell */ = {
			isa = PBXGroup;
			children = (
				6EB3ED81285C21FF0093A927 /* CoinTableViewCell.swift */,
				6EB3ED82285C21FF0093A927 /* CoinTableViewCell.xib */,
			);
			path = Cell;
			sourceTree = "<group>";
		};
/* End PBXGroup section */

/* Begin PBXNativeTarget section */
		6EB3ED5B2858C1640093A927 /* PracticeApi */ = {
			isa = PBXNativeTarget;
			buildConfigurationList = 6EB3ED702858C1670093A927 /* Build configuration list for PBXNativeTarget "PracticeApi" */;
			buildPhases = (
				6EB3ED582858C1640093A927 /* Sources */,
				6EB3ED592858C1640093A927 /* Frameworks */,
				6EB3ED5A2858C1640093A927 /* Resources */,
			);
			buildRules = (
			);
			dependencies = (
			);
			name = PracticeApi;
			packageProductDependencies = (
				6EB3ED74285AF6F10093A927 /* KakaoSDK */,
			);
			productName = PracticeApi;
			productReference = 6EB3ED5C2858C1640093A927 /* PracticeApi.app */;
			productType = "com.apple.product-type.application";
		};
/* End PBXNativeTarget section */

/* Begin PBXProject section */
		6EB3ED542858C1640093A927 /* Project object */ = {
			isa = PBXProject;
			attributes = {
				BuildIndependentTargetsInParallel = 1;
				LastSwiftUpdateCheck = 1340;
				LastUpgradeCheck = 1340;
				TargetAttributes = {
					6EB3ED5B2858C1640093A927 = {
						CreatedOnToolsVersion = 13.4.1;
					};
				};
			};
			buildConfigurationList = 6EB3ED572858C1640093A927 /* Build configuration list for PBXProject "PracticeApi" */;
			compatibilityVersion = "Xcode 13.0";
			developmentRegion = en;
			hasScannedForEncodings = 0;
			knownRegions = (
				en,
				Base,
			);
			mainGroup = 6EB3ED532858C1640093A927;
			packageReferences = (
				6EB3ED73285AF6F10093A927 /* XCRemoteSwiftPackageReference "kakao-ios-sdk" */,
			);
			productRefGroup = 6EB3ED5D2858C1640093A927 /* Products */;
			projectDirPath = "";
			projectRoot = "";
			targets = (
				6EB3ED5B2858C1640093A927 /* PracticeApi */,
			);
		};
/* End PBXProject section */

/* Begin PBXResourcesBuildPhase section */
		6EB3ED5A2858C1640093A927 /* Resources */ = {
			isa = PBXResourcesBuildPhase;
			buildActionMask = 2147483647;
			files = (
				6EB3ED6C2858C1670093A927 /* LaunchScreen.storyboard in Resources */,
				6EB3ED692858C1670093A927 /* Assets.xcassets in Resources */,
				6EB3ED84285C21FF0093A927 /* CoinTableViewCell.xib in Resources */,
				6EB3ED672858C1640093A927 /* Main.storyboard in Resources */,
			);
			runOnlyForDeploymentPostprocessing = 0;
		};
/* End PBXResourcesBuildPhase section */

/* Begin PBXSourcesBuildPhase section */
		6EB3ED582858C1640093A927 /* Sources */ = {
			isa = PBXSourcesBuildPhase;
			buildActionMask = 2147483647;
			files = (
				6EB3ED7A285B2CB50093A927 /* Extension.swift in Sources */,
				6EB3ED642858C1640093A927 /* ViewController.swift in Sources */,
				6EB3ED602858C1640093A927 /* AppDelegate.swift in Sources */,
				6EB3ED78285B25B10093A927 /* ProfileViewController.swift in Sources */,
				6EB3ED7C285B415D0093A927 /* CoinRankingViewController.swift in Sources */,
				6EB3ED8E285CAE740093A927 /* PokemonRequest.swift in Sources */,
				6EB3ED622858C1640093A927 /* SceneDelegate.swift in Sources */,
				6EB3ED8C285CADBF0093A927 /* PokemonResponse.swift in Sources */,
				6EB3ED8A285CA9FC0093A927 /* PokemonViewController.swift in Sources */,
				6EB3ED88285C452B0093A927 /* CoinResponse.swift in Sources */,
				6EB3ED86285C415E0093A927 /* CoinRequest.swift in Sources */,
				6EB3ED83285C21FF0093A927 /* CoinTableViewCell.swift in Sources */,
			);
			runOnlyForDeploymentPostprocessing = 0;
		};
/* End PBXSourcesBuildPhase section */

/* Begin PBXVariantGroup section */
		6EB3ED652858C1640093A927 /* Main.storyboard */ = {
			isa = PBXVariantGroup;
			children = (
				6EB3ED662858C1640093A927 /* Base */,
			);
			name = Main.storyboard;
			sourceTree = "<group>";
		};
		6EB3ED6A2858C1670093A927 /* LaunchScreen.storyboard */ = {
			isa = PBXVariantGroup;
			children = (
				6EB3ED6B2858C1670093A927 /* Base */,
			);
			name = LaunchScreen.storyboard;
			sourceTree = "<group>";
		};
/* End PBXVariantGroup section */

/* Begin XCBuildConfiguration section */
		6EB3ED6E2858C1670093A927 /* Debug */ = {
			isa = XCBuildConfiguration;
			buildSettings = {
				ALWAYS_SEARCH_USER_PATHS = NO;
				CLANG_ANALYZER_NONNULL = YES;
				CLANG_ANALYZER_NUMBER_OBJECT_CONVERSION = YES_AGGRESSIVE;
				CLANG_CXX_LANGUAGE_STANDARD = "gnu++17";
				CLANG_ENABLE_MODULES = YES;
				CLANG_ENABLE_OBJC_ARC = YES;
				CLANG_ENABLE_OBJC_WEAK = YES;
				CLANG_WARN_BLOCK_CAPTURE_AUTORELEASING = YES;
				CLANG_WARN_BOOL_CONVERSION = YES;
				CLANG_WARN_COMMA = YES;
				CLANG_WARN_CONSTANT_CONVERSION = YES;
				CLANG_WARN_DEPRECATED_OBJC_IMPLEMENTATIONS = YES;
				CLANG_WARN_DIRECT_OBJC_ISA_USAGE = YES_ERROR;
				CLANG_WARN_DOCUMENTATION_COMMENTS = YES;
				CLANG_WARN_EMPTY_BODY = YES;
				CLANG_WARN_ENUM_CONVERSION = YES;
				CLANG_WARN_INFINITE_RECURSION = YES;
				CLANG_WARN_INT_CONVERSION = YES;
				CLANG_WARN_NON_LITERAL_NULL_CONVERSION = YES;
				CLANG_WARN_OBJC_IMPLICIT_RETAIN_SELF = YES;
				CLANG_WARN_OBJC_LITERAL_CONVERSION = YES;
				CLANG_WARN_OBJC_ROOT_CLASS = YES_ERROR;
				CLANG_WARN_QUOTED_INCLUDE_IN_FRAMEWORK_HEADER = YES;
				CLANG_WARN_RANGE_LOOP_ANALYSIS = YES;
				CLANG_WARN_STRICT_PROTOTYPES = YES;
				CLANG_WARN_SUSPICIOUS_MOVE = YES;
				CLANG_WARN_UNGUARDED_AVAILABILITY = YES_AGGRESSIVE;
				CLANG_WARN_UNREACHABLE_CODE = YES;
				CLANG_WARN__DUPLICATE_METHOD_MATCH = YES;
				COPY_PHASE_STRIP = NO;
				DEBUG_INFORMATION_FORMAT = dwarf;
				ENABLE_STRICT_OBJC_MSGSEND = YES;
				ENABLE_TESTABILITY = YES;
				GCC_C_LANGUAGE_STANDARD = gnu11;
				GCC_DYNAMIC_NO_PIC = NO;
				GCC_NO_COMMON_BLOCKS = YES;
				GCC_OPTIMIZATION_LEVEL = 0;
				GCC_PREPROCESSOR_DEFINITIONS = (
					"DEBUG=1",
					"$(inherited)",
				);
				GCC_WARN_64_TO_32_BIT_CONVERSION = YES;
				GCC_WARN_ABOUT_RETURN_TYPE = YES_ERROR;
				GCC_WARN_UNDECLARED_SELECTOR = YES;
				GCC_WARN_UNINITIALIZED_AUTOS = YES_AGGRESSIVE;
				GCC_WARN_UNUSED_FUNCTION = YES;
				GCC_WARN_UNUSED_VARIABLE = YES;
				IPHONEOS_DEPLOYMENT_TARGET = 15.5;
				MTL_ENABLE_DEBUG_INFO = INCLUDE_SOURCE;
				MTL_FAST_MATH = YES;
				ONLY_ACTIVE_ARCH = YES;
				SDKROOT = iphoneos;
				SWIFT_ACTIVE_COMPILATION_CONDITIONS = DEBUG;
				SWIFT_OPTIMIZATION_LEVEL = "-Onone";
			};
			name = Debug;
		};
		6EB3ED6F2858C1670093A927 /* Release */ = {
			isa = XCBuildConfiguration;
			buildSettings = {
				ALWAYS_SEARCH_USER_PATHS = NO;
				CLANG_ANALYZER_NONNULL = YES;
				CLANG_ANALYZER_NUMBER_OBJECT_CONVERSION = YES_AGGRESSIVE;
				CLANG_CXX_LANGUAGE_STANDARD = "gnu++17";
				CLANG_ENABLE_MODULES = YES;
				CLANG_ENABLE_OBJC_ARC = YES;
				CLANG_ENABLE_OBJC_WEAK = YES;
				CLANG_WARN_BLOCK_CAPTURE_AUTORELEASING = YES;
				CLANG_WARN_BOOL_CONVERSION = YES;
				CLANG_WARN_COMMA = YES;
				CLANG_WARN_CONSTANT_CONVERSION = YES;
				CLANG_WARN_DEPRECATED_OBJC_IMPLEMENTATIONS = YES;
				CLANG_WARN_DIRECT_OBJC_ISA_USAGE = YES_ERROR;
				CLANG_WARN_DOCUMENTATION_COMMENTS = YES;
				CLANG_WARN_EMPTY_BODY = YES;
				CLANG_WARN_ENUM_CONVERSION = YES;
				CLANG_WARN_INFINITE_RECURSION = YES;
				CLANG_WARN_INT_CONVERSION = YES;
				CLANG_WARN_NON_LITERAL_NULL_CONVERSION = YES;
				CLANG_WARN_OBJC_IMPLICIT_RETAIN_SELF = YES;
				CLANG_WARN_OBJC_LITERAL_CONVERSION = YES;
				CLANG_WARN_OBJC_ROOT_CLASS = YES_ERROR;
				CLANG_WARN_QUOTED_INCLUDE_IN_FRAMEWORK_HEADER = YES;
				CLANG_WARN_RANGE_LOOP_ANALYSIS = YES;
				CLANG_WARN_STRICT_PROTOTYPES = YES;
				CLANG_WARN_SUSPICIOUS_MOVE = YES;
				CLANG_WARN_UNGUARDED_AVAILABILITY = YES_AGGRESSIVE;
				CLANG_WARN_UNREACHABLE_CODE = YES;
				CLANG_WARN__DUPLICATE_METHOD_MATCH = YES;
				COPY_PHASE_STRIP = NO;
				DEBUG_INFORMATION_FORMAT = "dwarf-with-dsym";
				ENABLE_NS_ASSERTIONS = NO;
				ENABLE_STRICT_OBJC_MSGSEND = YES;
				GCC_C_LANGUAGE_STANDARD = gnu11;
				GCC_NO_COMMON_BLOCKS = YES;
				GCC_WARN_64_TO_32_BIT_CONVERSION = YES;
				GCC_WARN_ABOUT_RETURN_TYPE = YES_ERROR;
				GCC_WARN_UNDECLARED_SELECTOR = YES;
				GCC_WARN_UNINITIALIZED_AUTOS = YES_AGGRESSIVE;
				GCC_WARN_UNUSED_FUNCTION = YES;
				GCC_WARN_UNUSED_VARIABLE = YES;
				IPHONEOS_DEPLOYMENT_TARGET = 15.5;
				MTL_ENABLE_DEBUG_INFO = NO;
				MTL_FAST_MATH = YES;
				SDKROOT = iphoneos;
				SWIFT_COMPILATION_MODE = wholemodule;
				SWIFT_OPTIMIZATION_LEVEL = "-O";
				VALIDATE_PRODUCT = YES;
			};
			name = Release;
		};
		6EB3ED712858C1670093A927 /* Debug */ = {
			isa = XCBuildConfiguration;
			buildSettings = {
				ASSETCATALOG_COMPILER_APPICON_NAME = AppIcon;
				ASSETCATALOG_COMPILER_GLOBAL_ACCENT_COLOR_NAME = AccentColor;
				CODE_SIGN_STYLE = Automatic;
				CURRENT_PROJECT_VERSION = 1;
				DEVELOPMENT_TEAM = G6MG2M7T86;
				GENERATE_INFOPLIST_FILE = YES;
				INFOPLIST_FILE = PracticeApi/Info.plist;
				INFOPLIST_KEY_UIApplicationSupportsIndirectInputEvents = YES;
				INFOPLIST_KEY_UILaunchStoryboardName = LaunchScreen;
				INFOPLIST_KEY_UIMainStoryboardFile = Main;
				INFOPLIST_KEY_UISupportedInterfaceOrientations_iPad = "UIInterfaceOrientationPortrait UIInterfaceOrientationPortraitUpsideDown UIInterfaceOrientationLandscapeLeft UIInterfaceOrientationLandscapeRight";
				INFOPLIST_KEY_UISupportedInterfaceOrientations_iPhone = "UIInterfaceOrientationPortrait UIInterfaceOrientationLandscapeLeft UIInterfaceOrientationLandscapeRight";
				LD_RUNPATH_SEARCH_PATHS = (
					"$(inherited)",
					"@executable_path/Frameworks",
				);
				MARKETING_VERSION = 1.0;
				PRODUCT_BUNDLE_IDENTIFIER = com.JunSeobKim.PracticeApi;
				PRODUCT_NAME = "$(TARGET_NAME)";
				SWIFT_EMIT_LOC_STRINGS = YES;
				SWIFT_VERSION = 5.0;
				TARGETED_DEVICE_FAMILY = "1,2";
			};
			name = Debug;
		};
		6EB3ED722858C1670093A927 /* Release */ = {
			isa = XCBuildConfiguration;
			buildSettings = {
				ASSETCATALOG_COMPILER_APPICON_NAME = AppIcon;
				ASSETCATALOG_COMPILER_GLOBAL_ACCENT_COLOR_NAME = AccentColor;
				CODE_SIGN_STYLE = Automatic;
				CURRENT_PROJECT_VERSION = 1;
				DEVELOPMENT_TEAM = G6MG2M7T86;
				GENERATE_INFOPLIST_FILE = YES;
				INFOPLIST_FILE = PracticeApi/Info.plist;
				INFOPLIST_KEY_UIApplicationSupportsIndirectInputEvents = YES;
				INFOPLIST_KEY_UILaunchStoryboardName = LaunchScreen;
				INFOPLIST_KEY_UIMainStoryboardFile = Main;
				INFOPLIST_KEY_UISupportedInterfaceOrientations_iPad = "UIInterfaceOrientationPortrait UIInterfaceOrientationPortraitUpsideDown UIInterfaceOrientationLandscapeLeft UIInterfaceOrientationLandscapeRight";
				INFOPLIST_KEY_UISupportedInterfaceOrientations_iPhone = "UIInterfaceOrientationPortrait UIInterfaceOrientationLandscapeLeft UIInterfaceOrientationLandscapeRight";
				LD_RUNPATH_SEARCH_PATHS = (
					"$(inherited)",
					"@executable_path/Frameworks",
				);
				MARKETING_VERSION = 1.0;
				PRODUCT_BUNDLE_IDENTIFIER = com.JunSeobKim.PracticeApi;
				PRODUCT_NAME = "$(TARGET_NAME)";
				SWIFT_EMIT_LOC_STRINGS = YES;
				SWIFT_VERSION = 5.0;
				TARGETED_DEVICE_FAMILY = "1,2";
			};
			name = Release;
		};
/* End XCBuildConfiguration section */

/* Begin XCConfigurationList section */
		6EB3ED572858C1640093A927 /* Build configuration list for PBXProject "PracticeApi" */ = {
			isa = XCConfigurationList;
			buildConfigurations = (
				6EB3ED6E2858C1670093A927 /* Debug */,
				6EB3ED6F2858C1670093A927 /* Release */,
			);
			defaultConfigurationIsVisible = 0;
			defaultConfigurationName = Release;
		};
		6EB3ED702858C1670093A927 /* Build configuration list for PBXNativeTarget "PracticeApi" */ = {
			isa = XCConfigurationList;
			buildConfigurations = (
				6EB3ED712858C1670093A927 /* Debug */,
				6EB3ED722858C1670093A927 /* Release */,
			);
			defaultConfigurationIsVisible = 0;
			defaultConfigurationName = Release;
		};
/* End XCConfigurationList section */

/* Begin XCRemoteSwiftPackageReference section */
		6EB3ED73285AF6F10093A927 /* XCRemoteSwiftPackageReference "kakao-ios-sdk" */ = {
			isa = XCRemoteSwiftPackageReference;
			repositoryURL = "https://github.com/kakao/kakao-ios-sdk";
			requirement = {
				branch = master;
				kind = branch;
			};
		};
/* End XCRemoteSwiftPackageReference section */

/* Begin XCSwiftPackageProductDependency section */
		6EB3ED74285AF6F10093A927 /* KakaoSDK */ = {
			isa = XCSwiftPackageProductDependency;
			package = 6EB3ED73285AF6F10093A927 /* XCRemoteSwiftPackageReference "kakao-ios-sdk" */;
			productName = KakaoSDK;
		};
/* End XCSwiftPackageProductDependency section */
	};
	rootObject = 6EB3ED542858C1640093A927 /* Project object */;
}
